
Microsoft Visual Studio Solution File, Format Version 12.00
# Visual Studio 15
VisualStudioVersion = 15.0.28307.136
MinimumVisualStudioVersion = 10.0.40219.1
Project("{FAE04EC0-301F-11D3-BF4B-00C04F79EFBC}") = "Basisformulier", "Basisformulier\Basisformulier.csproj", "{76666169-4CCA-442E-AB3D-43E85224E180}"
EndProject
Project("{FAE04EC0-301F-11D3-BF4B-00C04F79EFBC}") = "FormPosts", "FormPosts\FormPosts.csproj", "{33D1D4C9-DAC0-4A07-8056-D42587F22970}"
EndProject
Project("{FAE04EC0-301F-11D3-BF4B-00C04F79EFBC}") = "FormPersoon", "FormPersoon\FormPersoon.csproj", "{4D7BA203-5B9A-420B-A030-A81A6235C760}"
EndProject
Project("{FAE04EC0-301F-11D3-BF4B-00C04F79EFBC}") = "FormWerk", "FormWerk\FormWerk.csproj", "{51BABB84-A6C5-49C0-A220-0106981FE543}"
EndProject
Project("{FAE04EC0-301F-11D3-BF4B-00C04F79EFBC}") = "FormVervolgstudies", "FormVervolgstudies\FormVervolgstudies.csproj", "{82742039-351A-40FF-8E8F-8C4C6BA671FD}"
EndProject
Global
	GlobalSection(SolutionConfigurationPlatforms) = preSolution
		Debug|Any CPU = Debug|Any CPU
		Release|Any CPU = Release|Any CPU
	EndGlobalSection
	GlobalSection(ProjectConfigurationPlatforms) = postSolution
		{76666169-4CCA-442E-AB3D-43E85224E180}.Debug|Any CPU.ActiveCfg = Debug|Any CPU
		{76666169-4CCA-442E-AB3D-43E85224E180}.Debug|Any CPU.Build.0 = Debug|Any CPU
		{76666169-4CCA-442E-AB3D-43E85224E180}.Release|Any CPU.ActiveCfg = Release|Any CPU
		{76666169-4CCA-442E-AB3D-43E85224E180}.Release|Any CPU.Build.0 = Release|Any CPU
		{33D1D4C9-DAC0-4A07-8056-D42587F22970}.Debug|Any CPU.ActiveCfg = Debug|Any CPU
		{33D1D4C9-DAC0-4A07-8056-D42587F22970}.Debug|Any CPU.Build.0 = Debug|Any CPU
		{33D1D4C9-DAC0-4A07-8056-D42587F22970}.Release|Any CPU.ActiveCfg = Release|Any CPU
		{33D1D4C9-DAC0-4A07-8056-D42587F22970}.Release|Any CPU.Build.0 = Release|Any CPU
		{4D7BA203-5B9A-420B-A030-A81A6235C760}.Debug|Any CPU.ActiveCfg = Debug|Any CPU
		{4D7BA203-5B9A-420B-A030-A81A6235C760}.Debug|Any CPU.Build.0 = Debug|Any CPU
		{4D7BA203-5B9A-420B-A030-A81A6235C760}.Release|Any CPU.ActiveCfg = Release|Any CPU
		{4D7BA203-5B9A-420B-A030-A81A6235C760}.Release|Any CPU.Build.0 = Release|Any CPU
		{51BABB84-A6C5-49C0-A220-0106981FE543}.Debug|Any CPU.ActiveCfg = Debug|Any CPU
		{51BABB84-A6C5-49C0-A220-0106981FE543}.Debug|Any CPU.Build.0 = Debug|Any CPU
		{51BABB84-A6C5-49C0-A220-0106981FE543}.Release|Any CPU.ActiveCfg = Release|Any CPU
		{51BABB84-A6C5-49C0-A220-0106981FE543}.Release|Any CPU.Build.0 = Release|Any CPU
		{82742039-351A-40FF-8E8F-8C4C6BA671FD}.Debug|Any CPU.ActiveCfg = Debug|Any CPU
		{82742039-351A-40FF-8E8F-8C4C6BA671FD}.Debug|Any CPU.Build.0 = Debug|Any CPU
		{82742039-351A-40FF-8E8F-8C4C6BA671FD}.Release|Any CPU.ActiveCfg = Release|Any CPU
		{82742039-351A-40FF-8E8F-8C4C6BA671FD}.Release|Any CPU.Build.0 = Release|Any CPU
	EndGlobalSection
	GlobalSection(SolutionProperties) = preSolution
		HideSolutionNode = FALSE
	EndGlobalSection
	GlobalSection(ExtensibilityGlobals) = postSolution
		SolutionGuid = {DF94A196-90AD-4EF2-97EB-AE8202DE04E1}
	EndGlobalSection
EndGlobal
